
Microsoft Visual Studio Solution File, Format Version 12.00
# Visual Studio Version 16
VisualStudioVersion = 16.0.31205.134
MinimumVisualStudioVersion = 10.0.40219.1
Project("{9A19103F-16F7-4668-BE54-9A1E7A4F7556}") = "Huiswerk1", "huiswerk1\Huiswerk1.csproj", "{7750C752-41A3-4BC9-B824-E0FC0029AE57}"
EndProject
Project("{9A19103F-16F7-4668-BE54-9A1E7A4F7556}") = "TestHuiswerk1", "TestHuiswerk1\TestHuiswerk1.csproj", "{948352ED-13F1-4720-B3F0-D6393471FAFF}"
EndProject
Global
	GlobalSection(SolutionConfigurationPlatforms) = preSolution
		Debug|Any CPU = Debug|Any CPU
		Release|Any CPU = Release|Any CPU
	EndGlobalSection
	GlobalSection(ProjectConfigurationPlatforms) = postSolution
		{7750C752-41A3-4BC9-B824-E0FC0029AE57}.Debug|Any CPU.ActiveCfg = Debug|Any CPU
		{7750C752-41A3-4BC9-B824-E0FC0029AE57}.Debug|Any CPU.Build.0 = Debug|Any CPU
		{7750C752-41A3-4BC9-B824-E0FC0029AE57}.Release|Any CPU.ActiveCfg = Release|Any CPU
		{7750C752-41A3-4BC9-B824-E0FC0029AE57}.Release|Any CPU.Build.0 = Release|Any CPU
		{948352ED-13F1-4720-B3F0-D6393471FAFF}.Debug|Any CPU.ActiveCfg = Debug|Any CPU
		{948352ED-13F1-4720-B3F0-D6393471FAFF}.Debug|Any CPU.Build.0 = Debug|Any CPU
		{948352ED-13F1-4720-B3F0-D6393471FAFF}.Release|Any CPU.ActiveCfg = Release|Any CPU
		{948352ED-13F1-4720-B3F0-D6393471FAFF}.Release|Any CPU.Build.0 = Release|Any CPU
	EndGlobalSection
	GlobalSection(SolutionProperties) = preSolution
		HideSolutionNode = FALSE
	EndGlobalSection
	GlobalSection(ExtensibilityGlobals) = postSolution
		SolutionGuid = {88292E8C-7624-4461-A112-47AAE5E2E959}
	EndGlobalSection
EndGlobal
