
Microsoft Visual Studio Solution File, Format Version 12.00
# Visual Studio Version 16
VisualStudioVersion = 16.0.31205.134
MinimumVisualStudioVersion = 10.0.40219.1
Project("{FAE04EC0-301F-11D3-BF4B-00C04F79EFBC}") = "BlazorShipWarf.Server", "Server\BlazorShipWarf.Server.csproj", "{0FB6014C-C345-45AF-BB2B-A6733CACA973}"
EndProject
Project("{FAE04EC0-301F-11D3-BF4B-00C04F79EFBC}") = "BlazorShipWarf.Client", "Client\BlazorShipWarf.Client.csproj", "{813B3FC3-E435-4DBD-9265-DBAFC4A64D61}"
EndProject
Project("{FAE04EC0-301F-11D3-BF4B-00C04F79EFBC}") = "BlazorShipWarf.Shared", "Shared\BlazorShipWarf.Shared.csproj", "{958F64C2-4233-4243-BAA2-1989AE0AD17F}"
EndProject
Global
	GlobalSection(SolutionConfigurationPlatforms) = preSolution
		Debug|Any CPU = Debug|Any CPU
		Release|Any CPU = Release|Any CPU
	EndGlobalSection
	GlobalSection(ProjectConfigurationPlatforms) = postSolution
		{0FB6014C-C345-45AF-BB2B-A6733CACA973}.Debug|Any CPU.ActiveCfg = Debug|Any CPU
		{0FB6014C-C345-45AF-BB2B-A6733CACA973}.Debug|Any CPU.Build.0 = Debug|Any CPU
		{0FB6014C-C345-45AF-BB2B-A6733CACA973}.Release|Any CPU.ActiveCfg = Release|Any CPU
		{0FB6014C-C345-45AF-BB2B-A6733CACA973}.Release|Any CPU.Build.0 = Release|Any CPU
		{813B3FC3-E435-4DBD-9265-DBAFC4A64D61}.Debug|Any CPU.ActiveCfg = Debug|Any CPU
		{813B3FC3-E435-4DBD-9265-DBAFC4A64D61}.Debug|Any CPU.Build.0 = Debug|Any CPU
		{813B3FC3-E435-4DBD-9265-DBAFC4A64D61}.Release|Any CPU.ActiveCfg = Release|Any CPU
		{813B3FC3-E435-4DBD-9265-DBAFC4A64D61}.Release|Any CPU.Build.0 = Release|Any CPU
		{958F64C2-4233-4243-BAA2-1989AE0AD17F}.Debug|Any CPU.ActiveCfg = Debug|Any CPU
		{958F64C2-4233-4243-BAA2-1989AE0AD17F}.Debug|Any CPU.Build.0 = Debug|Any CPU
		{958F64C2-4233-4243-BAA2-1989AE0AD17F}.Release|Any CPU.ActiveCfg = Release|Any CPU
		{958F64C2-4233-4243-BAA2-1989AE0AD17F}.Release|Any CPU.Build.0 = Release|Any CPU
	EndGlobalSection
	GlobalSection(SolutionProperties) = preSolution
		HideSolutionNode = FALSE
	EndGlobalSection
	GlobalSection(ExtensibilityGlobals) = postSolution
		SolutionGuid = {E96E5213-B50B-409B-BF7B-41B0668A57FD}
	EndGlobalSection
EndGlobal
